
Microsoft Visual Studio Solution File, Format Version 12.00
# Visual Studio Version 17
VisualStudioVersion = 17.4.33213.308
MinimumVisualStudioVersion = 10.0.40219.1
Project("{FAE04EC0-301F-11D3-BF4B-00C04F79EFBC}") = "PacMan", "PacMan\PacMan.csproj", "{F97CEE9A-8918-4ED7-AADC-E07488A19210}"
EndProject
Global
	GlobalSection(SolutionConfigurationPlatforms) = preSolution
		Debug|Any CPU = Debug|Any CPU
		Release|Any CPU = Release|Any CPU
	EndGlobalSection
	GlobalSection(ProjectConfigurationPlatforms) = postSolution
		{F97CEE9A-8918-4ED7-AADC-E07488A19210}.Debug|Any CPU.ActiveCfg = Debug|Any CPU
		{F97CEE9A-8918-4ED7-AADC-E07488A19210}.Debug|Any CPU.Build.0 = Debug|Any CPU
		{F97CEE9A-8918-4ED7-AADC-E07488A19210}.Release|Any CPU.ActiveCfg = Release|Any CPU
		{F97CEE9A-8918-4ED7-AADC-E07488A19210}.Release|Any CPU.Build.0 = Release|Any CPU
	EndGlobalSection
	GlobalSection(SolutionProperties) = preSolution
		HideSolutionNode = FALSE
	EndGlobalSection
	GlobalSection(ExtensibilityGlobals) = postSolution
		SolutionGuid = {1FB1A967-463A-4289-8840-C38792A12281}
	EndGlobalSection
EndGlobal
